
Microsoft Visual Studio Solution File, Format Version 12.00
# Visual Studio Version 17
VisualStudioVersion = 17.0.31903.59
MinimumVisualStudioVersion = 10.0.40219.1
Project("{FAE04EC0-301F-11D3-BF4B-00C04F79EFBC}") = "MVCaz204", "MVCaz204\MVCaz204.csproj", "{B6BD58A5-AC30-4C66-B8D2-871013863766}"
EndProject
Global
	GlobalSection(SolutionConfigurationPlatforms) = preSolution
		Debug|Any CPU = Debug|Any CPU
		Release|Any CPU = Release|Any CPU
	EndGlobalSection
	GlobalSection(ProjectConfigurationPlatforms) = postSolution
		{B6BD58A5-AC30-4C66-B8D2-871013863766}.Debug|Any CPU.ActiveCfg = Debug|Any CPU
		{B6BD58A5-AC30-4C66-B8D2-871013863766}.Debug|Any CPU.Build.0 = Debug|Any CPU
		{B6BD58A5-AC30-4C66-B8D2-871013863766}.Release|Any CPU.ActiveCfg = Release|Any CPU
		{B6BD58A5-AC30-4C66-B8D2-871013863766}.Release|Any CPU.Build.0 = Release|Any CPU
	EndGlobalSection
	GlobalSection(SolutionProperties) = preSolution
		HideSolutionNode = FALSE
	EndGlobalSection
	GlobalSection(ExtensibilityGlobals) = postSolution
		SolutionGuid = {DD2A972B-264D-448C-B198-07CE786665DC}
	EndGlobalSection
EndGlobal
